
Microsoft Visual Studio Solution File, Format Version 12.00
Project("{FAE04EC0-301F-11D3-BF4B-00C04F79EFBC}") = "SportStore", "SportStore\SportStore.csproj", "{AB566ABB-B671-4AFC-8EC2-68B71A06488F}"
EndProject
Project("{FAE04EC0-301F-11D3-BF4B-00C04F79EFBC}") = "SportStore.Tests", "SportStore.Tests\SportStore.Tests.csproj", "{237D3D13-1ED3-4547-8A14-6CE48EF83632}"
EndProject
Global
	GlobalSection(SolutionConfigurationPlatforms) = preSolution
		Debug|Any CPU = Debug|Any CPU
		Release|Any CPU = Release|Any CPU
	EndGlobalSection
	GlobalSection(ProjectConfigurationPlatforms) = postSolution
		{AB566ABB-B671-4AFC-8EC2-68B71A06488F}.Release|Any CPU.ActiveCfg = Release|Any CPU
		{AB566ABB-B671-4AFC-8EC2-68B71A06488F}.Release|Any CPU.Build.0 = Release|Any CPU
		{AB566ABB-B671-4AFC-8EC2-68B71A06488F}.Debug|Any CPU.ActiveCfg = Release|Any CPU
		{AB566ABB-B671-4AFC-8EC2-68B71A06488F}.Debug|Any CPU.Build.0 = Release|Any CPU
		{237D3D13-1ED3-4547-8A14-6CE48EF83632}.Debug|Any CPU.ActiveCfg = Debug|Any CPU
		{237D3D13-1ED3-4547-8A14-6CE48EF83632}.Release|Any CPU.ActiveCfg = Release|Any CPU
		{237D3D13-1ED3-4547-8A14-6CE48EF83632}.Release|Any CPU.Build.0 = Release|Any CPU
	EndGlobalSection
EndGlobal
